// !$*UTF8*$!
{
	archiveVersion = 1;
	classes = {
	};
	objectVersion = 56;
	objects = {

/* Begin PBXBuildFile section */
		75E8D8462C426E36009C3DF2 /* main.cpp in Sources */ = {isa = PBXBuildFile; fileRef = 75E8D8452C426E36009C3DF2 /* main.cpp */; };
		75E8D84D2C426E44009C3DF2 /* glad.c in Sources */ = {isa = PBXBuildFile; fileRef = 75E8D84C2C426E44009C3DF2 /* glad.c */; };
		75E8D8672C430132009C3DF2 /* OpenGL.framework in Frameworks */ = {isa = PBXBuildFile; fileRef = 75E8D8662C430132009C3DF2 /* OpenGL.framework */; };
		75E8D8692C430229009C3DF2 /* libglfw3.a in Frameworks */ = {isa = PBXBuildFile; fileRef = 75E8D8682C430229009C3DF2 /* libglfw3.a */; };
		75E8D86B2C430584009C3DF2 /* Cocoa.framework in Frameworks */ = {isa = PBXBuildFile; fileRef = 75E8D86A2C430584009C3DF2 /* Cocoa.framework */; };
		75E8D86D2C430593009C3DF2 /* IOKit.framework in Frameworks */ = {isa = PBXBuildFile; fileRef = 75E8D86C2C430593009C3DF2 /* IOKit.framework */; };
		75E8D86F2C430599009C3DF2 /* CoreVideo.framework in Frameworks */ = {isa = PBXBuildFile; fileRef = 75E8D86E2C430599009C3DF2 /* CoreVideo.framework */; };
/* End PBXBuildFile section */

/* Begin PBXCopyFilesBuildPhase section */
		75E8D8402C426E36009C3DF2 /* CopyFiles */ = {
			isa = PBXCopyFilesBuildPhase;
			buildActionMask = 2147483647;
			dstPath = /usr/share/man/man1/;
			dstSubfolderSpec = 0;
			files = (
			);
			runOnlyForDeploymentPostprocessing = 1;
		};
/* End PBXCopyFilesBuildPhase section */

/* Begin PBXFileReference section */
		75E8D8422C426E36009C3DF2 /* OpenGL_Project_Project */ = {isa = PBXFileReference; explicitFileType = "compiled.mach-o.executable"; includeInIndex = 0; path = OpenGL_Project_Project; sourceTree = BUILT_PRODUCTS_DIR; };
		75E8D8452C426E36009C3DF2 /* main.cpp */ = {isa = PBXFileReference; lastKnownFileType = sourcecode.cpp.cpp; path = main.cpp; sourceTree = "<group>"; };
		75E8D84C2C426E44009C3DF2 /* glad.c */ = {isa = PBXFileReference; fileEncoding = 4; lastKnownFileType = sourcecode.c.c; path = glad.c; sourceTree = "<group>"; };
		75E8D84E2C426E5B009C3DF2 /* libraries */ = {isa = PBXFileReference; lastKnownFileType = folder; path = libraries; sourceTree = "<group>"; };
		75E8D8662C430132009C3DF2 /* OpenGL.framework */ = {isa = PBXFileReference; lastKnownFileType = wrapper.framework; path = OpenGL.framework; sourceTree = "<group>"; };
		75E8D8682C430229009C3DF2 /* libglfw3.a */ = {isa = PBXFileReference; lastKnownFileType = archive.ar; name = libglfw3.a; path = libraries/lib/libglfw3.a; sourceTree = SOURCE_ROOT; };
		75E8D86A2C430584009C3DF2 /* Cocoa.framework */ = {isa = PBXFileReference; lastKnownFileType = wrapper.framework; name = Cocoa.framework; path = System/Library/Frameworks/Cocoa.framework; sourceTree = SDKROOT; };
		75E8D86C2C430593009C3DF2 /* IOKit.framework */ = {isa = PBXFileReference; lastKnownFileType = wrapper.framework; name = IOKit.framework; path = System/Library/Frameworks/IOKit.framework; sourceTree = SDKROOT; };
		75E8D86E2C430599009C3DF2 /* CoreVideo.framework */ = {isa = PBXFileReference; lastKnownFileType = wrapper.framework; name = CoreVideo.framework; path = System/Library/Frameworks/CoreVideo.framework; sourceTree = SDKROOT; };
/* End PBXFileReference section */

/* Begin PBXFrameworksBuildPhase section */
		75E8D83F2C426E36009C3DF2 /* Frameworks */ = {
			isa = PBXFrameworksBuildPhase;
			buildActionMask = 2147483647;
			files = (
				75E8D86F2C430599009C3DF2 /* CoreVideo.framework in Frameworks */,
				75E8D86D2C430593009C3DF2 /* IOKit.framework in Frameworks */,
				75E8D86B2C430584009C3DF2 /* Cocoa.framework in Frameworks */,
				75E8D8692C430229009C3DF2 /* libglfw3.a in Frameworks */,
				75E8D8672C430132009C3DF2 /* OpenGL.framework in Frameworks */,
			);
			runOnlyForDeploymentPostprocessing = 0;
		};
/* End PBXFrameworksBuildPhase section */

/* Begin PBXGroup section */
		75E8D8392C426E36009C3DF2 = {
			isa = PBXGroup;
			children = (
				75E8D84F2C427552009C3DF2 /* Frameworks */,
				75E8D84E2C426E5B009C3DF2 /* libraries */,
				75E8D8442C426E36009C3DF2 /* OpenGL_Project_Project */,
				75E8D8432C426E36009C3DF2 /* Products */,
			);
			sourceTree = "<group>";
		};
		75E8D8432C426E36009C3DF2 /* Products */ = {
			isa = PBXGroup;
			children = (
				75E8D8422C426E36009C3DF2 /* OpenGL_Project_Project */,
			);
			name = Products;
			sourceTree = "<group>";
		};
		75E8D8442C426E36009C3DF2 /* OpenGL_Project_Project */ = {
			isa = PBXGroup;
			children = (
				75E8D84C2C426E44009C3DF2 /* glad.c */,
				75E8D8452C426E36009C3DF2 /* main.cpp */,
			);
			path = OpenGL_Project_Project;
			sourceTree = "<group>";
		};
		75E8D84F2C427552009C3DF2 /* Frameworks */ = {
			isa = PBXGroup;
			children = (
				75E8D86E2C430599009C3DF2 /* CoreVideo.framework */,
				75E8D86C2C430593009C3DF2 /* IOKit.framework */,
				75E8D86A2C430584009C3DF2 /* Cocoa.framework */,
				75E8D8682C430229009C3DF2 /* libglfw3.a */,
				75E8D8662C430132009C3DF2 /* OpenGL.framework */,
			);
			path = Frameworks;
			sourceTree = "<group>";
		};
/* End PBXGroup section */

/* Begin PBXNativeTarget section */
		75E8D8412C426E36009C3DF2 /* OpenGL_Project_Project */ = {
			isa = PBXNativeTarget;
			buildConfigurationList = 75E8D8492C426E36009C3DF2 /* Build configuration list for PBXNativeTarget "OpenGL_Project_Project" */;
			buildPhases = (
				75E8D83E2C426E36009C3DF2 /* Sources */,
				75E8D83F2C426E36009C3DF2 /* Frameworks */,
				75E8D8402C426E36009C3DF2 /* CopyFiles */,
			);
			buildRules = (
			);
			dependencies = (
			);
			name = OpenGL_Project_Project;
			productName = OpenGL_Project_Project;
			productReference = 75E8D8422C426E36009C3DF2 /* OpenGL_Project_Project */;
			productType = "com.apple.product-type.tool";
		};
/* End PBXNativeTarget section */

/* Begin PBXProject section */
		75E8D83A2C426E36009C3DF2 /* Project object */ = {
			isa = PBXProject;
			attributes = {
				BuildIndependentTargetsInParallel = 1;
				LastUpgradeCheck = 1520;
				TargetAttributes = {
					75E8D8412C426E36009C3DF2 = {
						CreatedOnToolsVersion = 15.2;
					};
				};
			};
			buildConfigurationList = 75E8D83D2C426E36009C3DF2 /* Build configuration list for PBXProject "OpenGL_Project_Project" */;
			compatibilityVersion = "Xcode 14.0";
			developmentRegion = en;
			hasScannedForEncodings = 0;
			knownRegions = (
				en,
				Base,
			);
			mainGroup = 75E8D8392C426E36009C3DF2;
			productRefGroup = 75E8D8432C426E36009C3DF2 /* Products */;
			projectDirPath = "";
			projectRoot = "";
			targets = (
				75E8D8412C426E36009C3DF2 /* OpenGL_Project_Project */,
			);
		};
/* End PBXProject section */

/* Begin PBXSourcesBuildPhase section */
		75E8D83E2C426E36009C3DF2 /* Sources */ = {
			isa = PBXSourcesBuildPhase;
			buildActionMask = 2147483647;
			files = (
				75E8D8462C426E36009C3DF2 /* main.cpp in Sources */,
				75E8D84D2C426E44009C3DF2 /* glad.c in Sources */,
			);
			runOnlyForDeploymentPostprocessing = 0;
		};
/* End PBXSourcesBuildPhase section */

/* Begin XCBuildConfiguration section */
		75E8D8472C426E36009C3DF2 /* Debug */ = {
			isa = XCBuildConfiguration;
			buildSettings = {
				ALWAYS_SEARCH_USER_PATHS = NO;
				ASSETCATALOG_COMPILER_GENERATE_SWIFT_ASSET_SYMBOL_EXTENSIONS = YES;
				CLANG_ANALYZER_NONNULL = YES;
				CLANG_ANALYZER_NUMBER_OBJECT_CONVERSION = YES_AGGRESSIVE;
				CLANG_CXX_LANGUAGE_STANDARD = "gnu++20";
				CLANG_ENABLE_MODULES = YES;
				CLANG_ENABLE_OBJC_ARC = YES;
				CLANG_ENABLE_OBJC_WEAK = YES;
				CLANG_WARN_BLOCK_CAPTURE_AUTORELEASING = YES;
				CLANG_WARN_BOOL_CONVERSION = YES;
				CLANG_WARN_COMMA = YES;
				CLANG_WARN_CONSTANT_CONVERSION = YES;
				CLANG_WARN_DEPRECATED_OBJC_IMPLEMENTATIONS = YES;
				CLANG_WARN_DIRECT_OBJC_ISA_USAGE = YES_ERROR;
				CLANG_WARN_DOCUMENTATION_COMMENTS = YES;
				CLANG_WARN_EMPTY_BODY = YES;
				CLANG_WARN_ENUM_CONVERSION = YES;
				CLANG_WARN_INFINITE_RECURSION = YES;
				CLANG_WARN_INT_CONVERSION = YES;
				CLANG_WARN_NON_LITERAL_NULL_CONVERSION = YES;
				CLANG_WARN_OBJC_IMPLICIT_RETAIN_SELF = YES;
				CLANG_WARN_OBJC_LITERAL_CONVERSION = YES;
				CLANG_WARN_OBJC_ROOT_CLASS = YES_ERROR;
				CLANG_WARN_QUOTED_INCLUDE_IN_FRAMEWORK_HEADER = YES;
				CLANG_WARN_RANGE_LOOP_ANALYSIS = YES;
				CLANG_WARN_STRICT_PROTOTYPES = YES;
				CLANG_WARN_SUSPICIOUS_MOVE = YES;
				CLANG_WARN_UNGUARDED_AVAILABILITY = YES_AGGRESSIVE;
				CLANG_WARN_UNREACHABLE_CODE = YES;
				CLANG_WARN__DUPLICATE_METHOD_MATCH = YES;
				COPY_PHASE_STRIP = NO;
				DEBUG_INFORMATION_FORMAT = dwarf;
				ENABLE_STRICT_OBJC_MSGSEND = YES;
				ENABLE_TESTABILITY = YES;
				ENABLE_USER_SCRIPT_SANDBOXING = YES;
				FRAMEWORK_SEARCH_PATHS = "";
				GCC_C_LANGUAGE_STANDARD = gnu17;
				GCC_DYNAMIC_NO_PIC = NO;
				GCC_NO_COMMON_BLOCKS = YES;
				GCC_OPTIMIZATION_LEVEL = 0;
				GCC_PREPROCESSOR_DEFINITIONS = (
					"DEBUG=1",
					"$(inherited)",
				);
				GCC_WARN_64_TO_32_BIT_CONVERSION = YES;
				GCC_WARN_ABOUT_RETURN_TYPE = YES_ERROR;
				GCC_WARN_UNDECLARED_SELECTOR = YES;
				GCC_WARN_UNINITIALIZED_AUTOS = YES_AGGRESSIVE;
				GCC_WARN_UNUSED_FUNCTION = YES;
				GCC_WARN_UNUSED_VARIABLE = YES;
				LIBRARY_SEARCH_PATHS = "";
				LOCALIZATION_PREFERS_STRING_CATALOGS = YES;
				MACOSX_DEPLOYMENT_TARGET = 14.2;
				MTL_ENABLE_DEBUG_INFO = INCLUDE_SOURCE;
				MTL_FAST_MATH = YES;
				ONLY_ACTIVE_ARCH = YES;
				OTHER_CFLAGS = "";
				OTHER_LDFLAGS = "-llibglfw3";
				SDKROOT = macosx;
			};
			name = Debug;
		};
		75E8D8482C426E36009C3DF2 /* Release */ = {
			isa = XCBuildConfiguration;
			buildSettings = {
				ALWAYS_SEARCH_USER_PATHS = NO;
				ASSETCATALOG_COMPILER_GENERATE_SWIFT_ASSET_SYMBOL_EXTENSIONS = YES;
				CLANG_ANALYZER_NONNULL = YES;
				CLANG_ANALYZER_NUMBER_OBJECT_CONVERSION = YES_AGGRESSIVE;
				CLANG_CXX_LANGUAGE_STANDARD = "gnu++20";
				CLANG_ENABLE_MODULES = YES;
				CLANG_ENABLE_OBJC_ARC = YES;
				CLANG_ENABLE_OBJC_WEAK = YES;
				CLANG_WARN_BLOCK_CAPTURE_AUTORELEASING = YES;
				CLANG_WARN_BOOL_CONVERSION = YES;
				CLANG_WARN_COMMA = YES;
				CLANG_WARN_CONSTANT_CONVERSION = YES;
				CLANG_WARN_DEPRECATED_OBJC_IMPLEMENTATIONS = YES;
				CLANG_WARN_DIRECT_OBJC_ISA_USAGE = YES_ERROR;
				CLANG_WARN_DOCUMENTATION_COMMENTS = YES;
				CLANG_WARN_EMPTY_BODY = YES;
				CLANG_WARN_ENUM_CONVERSION = YES;
				CLANG_WARN_INFINITE_RECURSION = YES;
				CLANG_WARN_INT_CONVERSION = YES;
				CLANG_WARN_NON_LITERAL_NULL_CONVERSION = YES;
				CLANG_WARN_OBJC_IMPLICIT_RETAIN_SELF = YES;
				CLANG_WARN_OBJC_LITERAL_CONVERSION = YES;
				CLANG_WARN_OBJC_ROOT_CLASS = YES_ERROR;
				CLANG_WARN_QUOTED_INCLUDE_IN_FRAMEWORK_HEADER = YES;
				CLANG_WARN_RANGE_LOOP_ANALYSIS = YES;
				CLANG_WARN_STRICT_PROTOTYPES = YES;
				CLANG_WARN_SUSPICIOUS_MOVE = YES;
				CLANG_WARN_UNGUARDED_AVAILABILITY = YES_AGGRESSIVE;
				CLANG_WARN_UNREACHABLE_CODE = YES;
				CLANG_WARN__DUPLICATE_METHOD_MATCH = YES;
				COPY_PHASE_STRIP = NO;
				DEBUG_INFORMATION_FORMAT = "dwarf-with-dsym";
				ENABLE_NS_ASSERTIONS = NO;
				ENABLE_STRICT_OBJC_MSGSEND = YES;
				ENABLE_USER_SCRIPT_SANDBOXING = YES;
				FRAMEWORK_SEARCH_PATHS = "";
				GCC_C_LANGUAGE_STANDARD = gnu17;
				GCC_NO_COMMON_BLOCKS = YES;
				GCC_WARN_64_TO_32_BIT_CONVERSION = YES;
				GCC_WARN_ABOUT_RETURN_TYPE = YES_ERROR;
				GCC_WARN_UNDECLARED_SELECTOR = YES;
				GCC_WARN_UNINITIALIZED_AUTOS = YES_AGGRESSIVE;
				GCC_WARN_UNUSED_FUNCTION = YES;
				GCC_WARN_UNUSED_VARIABLE = YES;
				LIBRARY_SEARCH_PATHS = "";
				LOCALIZATION_PREFERS_STRING_CATALOGS = YES;
				MACOSX_DEPLOYMENT_TARGET = 14.2;
				MTL_ENABLE_DEBUG_INFO = NO;
				MTL_FAST_MATH = YES;
				OTHER_CFLAGS = "";
				OTHER_LDFLAGS = "-llibglfw3";
				SDKROOT = macosx;
			};
			name = Release;
		};
		75E8D84A2C426E36009C3DF2 /* Debug */ = {
			isa = XCBuildConfiguration;
			buildSettings = {
				CODE_SIGN_STYLE = Automatic;
				DEVELOPMENT_TEAM = TM8Q88Y5QH;
				ENABLE_HARDENED_RUNTIME = YES;
				FRAMEWORK_SEARCH_PATHS = "$(PROJECT_DIR)/Frameworks";
				LIBRARY_SEARCH_PATHS = "$(PROJECT_DIR)/libraries/lib";
				OTHER_CFLAGS = "-I$(SRCROOT)/libraries/include";
				OTHER_CPLUSPLUSFLAGS = (
					"$(OTHER_CFLAGS)",
					"-I$(SRCROOT)/libraries/include",
				);
				OTHER_LDFLAGS = "";
				PRODUCT_NAME = "$(TARGET_NAME)";
			};
			name = Debug;
		};
		75E8D84B2C426E36009C3DF2 /* Release */ = {
			isa = XCBuildConfiguration;
			buildSettings = {
				CODE_SIGN_STYLE = Automatic;
				DEVELOPMENT_TEAM = TM8Q88Y5QH;
				ENABLE_HARDENED_RUNTIME = YES;
				FRAMEWORK_SEARCH_PATHS = "$(PROJECT_DIR)/Frameworks";
				LIBRARY_SEARCH_PATHS = "$(PROJECT_DIR)/libraries/lib";
				OTHER_CFLAGS = "-I$(SRCROOT)/libraries/include";
				OTHER_CPLUSPLUSFLAGS = (
					"$(OTHER_CFLAGS)",
					"-I$(SRCROOT)/libraries/include",
				);
				OTHER_LDFLAGS = "";
				PRODUCT_NAME = "$(TARGET_NAME)";
			};
			name = Release;
		};
/* End XCBuildConfiguration section */

/* Begin XCConfigurationList section */
		75E8D83D2C426E36009C3DF2 /* Build configuration list for PBXProject "OpenGL_Project_Project" */ = {
			isa = XCConfigurationList;
			buildConfigurations = (
				75E8D8472C426E36009C3DF2 /* Debug */,
				75E8D8482C426E36009C3DF2 /* Release */,
			);
			defaultConfigurationIsVisible = 0;
			defaultConfigurationName = Release;
		};
		75E8D8492C426E36009C3DF2 /* Build configuration list for PBXNativeTarget "OpenGL_Project_Project" */ = {
			isa = XCConfigurationList;
			buildConfigurations = (
				75E8D84A2C426E36009C3DF2 /* Debug */,
				75E8D84B2C426E36009C3DF2 /* Release */,
			);
			defaultConfigurationIsVisible = 0;
			defaultConfigurationName = Release;
		};
/* End XCConfigurationList section */
	};
	rootObject = 75E8D83A2C426E36009C3DF2 /* Project object */;
}
